
Microsoft Visual Studio Solution File, Format Version 12.00
# Visual Studio 15
VisualStudioVersion = 15.0.26730.10
MinimumVisualStudioVersion = 10.0.40219.1
Project("{9A19103F-16F7-4668-BE54-9A1E7A4F7556}") = "CoreTemplate.Web", "CoreTemplate.Web\CoreTemplate.Web.csproj", "{86EA2254-BCD2-4269-B8F2-067FD5E8A8CD}"
	ProjectSection(ProjectDependencies) = postProject
		{C623DF11-A9C7-49C0-AFCF-F9AF0BEEC0EE} = {C623DF11-A9C7-49C0-AFCF-F9AF0BEEC0EE}
	EndProjectSection
EndProject
Project("{2150E333-8FDC-42A3-9474-1A3956D46DE8}") = "1. Clients", "1. Clients", "{9C885ACC-50A7-41E1-8393-9D2F839772F8}"
EndProject
Project("{2150E333-8FDC-42A3-9474-1A3956D46DE8}") = "2. Managers", "2. Managers", "{5B0E4EE7-0E9E-445F-996F-B79D42AD5E80}"
EndProject
Project("{2150E333-8FDC-42A3-9474-1A3956D46DE8}") = "3. Accessors", "3. Accessors", "{CC7AA74F-201C-46A3-B36F-67285D44BD01}"
EndProject
Project("{2150E333-8FDC-42A3-9474-1A3956D46DE8}") = "4. Tests", "4. Tests", "{A605FFCD-9A67-4278-97D9-93F7FCEFD6DD}"
EndProject
Project("{9A19103F-16F7-4668-BE54-9A1E7A4F7556}") = "CoreTemplate.Managers", "CoreTemplate.Managers\CoreTemplate.Managers.csproj", "{C623DF11-A9C7-49C0-AFCF-F9AF0BEEC0EE}"
	ProjectSection(ProjectDependencies) = postProject
		{5021DB16-CFD2-4299-8F9D-E2E182F20779} = {5021DB16-CFD2-4299-8F9D-E2E182F20779}
	EndProjectSection
EndProject
Project("{9A19103F-16F7-4668-BE54-9A1E7A4F7556}") = "CoreTemplate.Accessors", "CoreTemplate.Accessors\CoreTemplate.Accessors.csproj", "{5021DB16-CFD2-4299-8F9D-E2E182F20779}"
EndProject
Project("{9A19103F-16F7-4668-BE54-9A1E7A4F7556}") = "CoreTemplate.Tests", "CoreTemplate.Tests\CoreTemplate.Tests.csproj", "{11737A2D-160F-4744-99DD-60F025274755}"
	ProjectSection(ProjectDependencies) = postProject
		{C623DF11-A9C7-49C0-AFCF-F9AF0BEEC0EE} = {C623DF11-A9C7-49C0-AFCF-F9AF0BEEC0EE}
		{5021DB16-CFD2-4299-8F9D-E2E182F20779} = {5021DB16-CFD2-4299-8F9D-E2E182F20779}
		{86EA2254-BCD2-4269-B8F2-067FD5E8A8CD} = {86EA2254-BCD2-4269-B8F2-067FD5E8A8CD}
	EndProjectSection
EndProject
Global
	GlobalSection(SolutionConfigurationPlatforms) = preSolution
		Debug|Any CPU = Debug|Any CPU
		Release|Any CPU = Release|Any CPU
	EndGlobalSection
	GlobalSection(ProjectConfigurationPlatforms) = postSolution
		{86EA2254-BCD2-4269-B8F2-067FD5E8A8CD}.Debug|Any CPU.ActiveCfg = Debug|Any CPU
		{86EA2254-BCD2-4269-B8F2-067FD5E8A8CD}.Debug|Any CPU.Build.0 = Debug|Any CPU
		{86EA2254-BCD2-4269-B8F2-067FD5E8A8CD}.Release|Any CPU.ActiveCfg = Release|Any CPU
		{86EA2254-BCD2-4269-B8F2-067FD5E8A8CD}.Release|Any CPU.Build.0 = Release|Any CPU
		{C623DF11-A9C7-49C0-AFCF-F9AF0BEEC0EE}.Debug|Any CPU.ActiveCfg = Debug|Any CPU
		{C623DF11-A9C7-49C0-AFCF-F9AF0BEEC0EE}.Debug|Any CPU.Build.0 = Debug|Any CPU
		{C623DF11-A9C7-49C0-AFCF-F9AF0BEEC0EE}.Release|Any CPU.ActiveCfg = Release|Any CPU
		{C623DF11-A9C7-49C0-AFCF-F9AF0BEEC0EE}.Release|Any CPU.Build.0 = Release|Any CPU
		{5021DB16-CFD2-4299-8F9D-E2E182F20779}.Debug|Any CPU.ActiveCfg = Debug|Any CPU
		{5021DB16-CFD2-4299-8F9D-E2E182F20779}.Debug|Any CPU.Build.0 = Debug|Any CPU
		{5021DB16-CFD2-4299-8F9D-E2E182F20779}.Release|Any CPU.ActiveCfg = Release|Any CPU
		{5021DB16-CFD2-4299-8F9D-E2E182F20779}.Release|Any CPU.Build.0 = Release|Any CPU
		{11737A2D-160F-4744-99DD-60F025274755}.Debug|Any CPU.ActiveCfg = Debug|Any CPU
		{11737A2D-160F-4744-99DD-60F025274755}.Debug|Any CPU.Build.0 = Debug|Any CPU
		{11737A2D-160F-4744-99DD-60F025274755}.Release|Any CPU.ActiveCfg = Release|Any CPU
		{11737A2D-160F-4744-99DD-60F025274755}.Release|Any CPU.Build.0 = Release|Any CPU
	EndGlobalSection
	GlobalSection(SolutionProperties) = preSolution
		HideSolutionNode = FALSE
	EndGlobalSection
	GlobalSection(NestedProjects) = preSolution
		{86EA2254-BCD2-4269-B8F2-067FD5E8A8CD} = {9C885ACC-50A7-41E1-8393-9D2F839772F8}
		{C623DF11-A9C7-49C0-AFCF-F9AF0BEEC0EE} = {5B0E4EE7-0E9E-445F-996F-B79D42AD5E80}
		{5021DB16-CFD2-4299-8F9D-E2E182F20779} = {CC7AA74F-201C-46A3-B36F-67285D44BD01}
		{11737A2D-160F-4744-99DD-60F025274755} = {A605FFCD-9A67-4278-97D9-93F7FCEFD6DD}
	EndGlobalSection
	GlobalSection(ExtensibilityGlobals) = postSolution
		SolutionGuid = {B3CA54DD-37CA-42C0-917D-5E4AABA6FBB3}
	EndGlobalSection
EndGlobal
