
Microsoft Visual Studio Solution File, Format Version 12.00
# Visual Studio 15
VisualStudioVersion = 15.0.27130.2026
MinimumVisualStudioVersion = 10.0.40219.1
Project("{9A19103F-16F7-4668-BE54-9A1E7A4F7556}") = "Web", "DotNetFlicks.Web\Web.csproj", "{86EA2254-BCD2-4269-B8F2-067FD5E8A8CD}"
EndProject
Project("{2150E333-8FDC-42A3-9474-1A3956D46DE8}") = "2. Clients", "2. Clients", "{9C885ACC-50A7-41E1-8393-9D2F839772F8}"
EndProject
Project("{2150E333-8FDC-42A3-9474-1A3956D46DE8}") = "3. Managers", "3. Managers", "{5B0E4EE7-0E9E-445F-996F-B79D42AD5E80}"
EndProject
Project("{2150E333-8FDC-42A3-9474-1A3956D46DE8}") = "5. Accessors", "5. Accessors", "{CC7AA74F-201C-46A3-B36F-67285D44BD01}"
EndProject
Project("{9A19103F-16F7-4668-BE54-9A1E7A4F7556}") = "ViewModels", "DotNetFlicks.ViewModels\ViewModels.csproj", "{E02D1701-9A02-4810-AFCB-3C58F7DAFE6B}"
EndProject
Project("{2150E333-8FDC-42A3-9474-1A3956D46DE8}") = "1. Common", "1. Common", "{4853CE5E-8934-4E48-B2D3-E4AACB721619}"
EndProject
Project("{2150E333-8FDC-42A3-9474-1A3956D46DE8}") = "4. Engines", "4. Engines", "{AA9FF6A7-F336-4838-AC27-3F441A515FBC}"
EndProject
Project("{9A19103F-16F7-4668-BE54-9A1E7A4F7556}") = "Common", "DotNetFlicks.Common\Common.csproj", "{448207F4-4CC6-4776-8E44-DC912FBDFCD6}"
EndProject
Project("{9A19103F-16F7-4668-BE54-9A1E7A4F7556}") = "Engines", "DotNetFlicks.Engines\Engines.csproj", "{D0768596-ECF8-4FB8-88AC-CF871D1CD064}"
EndProject
Project("{9A19103F-16F7-4668-BE54-9A1E7A4F7556}") = "Managers", "DotNetFlicks.Managers\Managers.csproj", "{14162DA6-0DCA-44CA-B8E5-0CD3FB711655}"
EndProject
Project("{9A19103F-16F7-4668-BE54-9A1E7A4F7556}") = "Accessors", "DotNetFlicks.Accessors\Accessors.csproj", "{1552DA19-3625-41E3-A768-E3E85546B2B6}"
EndProject
Global
	GlobalSection(SolutionConfigurationPlatforms) = preSolution
		Debug|Any CPU = Debug|Any CPU
		Release|Any CPU = Release|Any CPU
	EndGlobalSection
	GlobalSection(ProjectConfigurationPlatforms) = postSolution
		{86EA2254-BCD2-4269-B8F2-067FD5E8A8CD}.Debug|Any CPU.ActiveCfg = Debug|Any CPU
		{86EA2254-BCD2-4269-B8F2-067FD5E8A8CD}.Debug|Any CPU.Build.0 = Debug|Any CPU
		{86EA2254-BCD2-4269-B8F2-067FD5E8A8CD}.Release|Any CPU.ActiveCfg = Release|Any CPU
		{86EA2254-BCD2-4269-B8F2-067FD5E8A8CD}.Release|Any CPU.Build.0 = Release|Any CPU
		{E02D1701-9A02-4810-AFCB-3C58F7DAFE6B}.Debug|Any CPU.ActiveCfg = Debug|Any CPU
		{E02D1701-9A02-4810-AFCB-3C58F7DAFE6B}.Debug|Any CPU.Build.0 = Debug|Any CPU
		{E02D1701-9A02-4810-AFCB-3C58F7DAFE6B}.Release|Any CPU.ActiveCfg = Release|Any CPU
		{E02D1701-9A02-4810-AFCB-3C58F7DAFE6B}.Release|Any CPU.Build.0 = Release|Any CPU
		{448207F4-4CC6-4776-8E44-DC912FBDFCD6}.Debug|Any CPU.ActiveCfg = Debug|Any CPU
		{448207F4-4CC6-4776-8E44-DC912FBDFCD6}.Debug|Any CPU.Build.0 = Debug|Any CPU
		{448207F4-4CC6-4776-8E44-DC912FBDFCD6}.Release|Any CPU.ActiveCfg = Release|Any CPU
		{448207F4-4CC6-4776-8E44-DC912FBDFCD6}.Release|Any CPU.Build.0 = Release|Any CPU
		{D0768596-ECF8-4FB8-88AC-CF871D1CD064}.Debug|Any CPU.ActiveCfg = Debug|Any CPU
		{D0768596-ECF8-4FB8-88AC-CF871D1CD064}.Debug|Any CPU.Build.0 = Debug|Any CPU
		{D0768596-ECF8-4FB8-88AC-CF871D1CD064}.Release|Any CPU.ActiveCfg = Release|Any CPU
		{D0768596-ECF8-4FB8-88AC-CF871D1CD064}.Release|Any CPU.Build.0 = Release|Any CPU
		{14162DA6-0DCA-44CA-B8E5-0CD3FB711655}.Debug|Any CPU.ActiveCfg = Debug|Any CPU
		{14162DA6-0DCA-44CA-B8E5-0CD3FB711655}.Debug|Any CPU.Build.0 = Debug|Any CPU
		{14162DA6-0DCA-44CA-B8E5-0CD3FB711655}.Release|Any CPU.ActiveCfg = Release|Any CPU
		{14162DA6-0DCA-44CA-B8E5-0CD3FB711655}.Release|Any CPU.Build.0 = Release|Any CPU
		{1552DA19-3625-41E3-A768-E3E85546B2B6}.Debug|Any CPU.ActiveCfg = Debug|Any CPU
		{1552DA19-3625-41E3-A768-E3E85546B2B6}.Debug|Any CPU.Build.0 = Debug|Any CPU
		{1552DA19-3625-41E3-A768-E3E85546B2B6}.Release|Any CPU.ActiveCfg = Release|Any CPU
		{1552DA19-3625-41E3-A768-E3E85546B2B6}.Release|Any CPU.Build.0 = Release|Any CPU
	EndGlobalSection
	GlobalSection(SolutionProperties) = preSolution
		HideSolutionNode = FALSE
	EndGlobalSection
	GlobalSection(NestedProjects) = preSolution
		{86EA2254-BCD2-4269-B8F2-067FD5E8A8CD} = {9C885ACC-50A7-41E1-8393-9D2F839772F8}
		{E02D1701-9A02-4810-AFCB-3C58F7DAFE6B} = {5B0E4EE7-0E9E-445F-996F-B79D42AD5E80}
		{448207F4-4CC6-4776-8E44-DC912FBDFCD6} = {4853CE5E-8934-4E48-B2D3-E4AACB721619}
		{D0768596-ECF8-4FB8-88AC-CF871D1CD064} = {AA9FF6A7-F336-4838-AC27-3F441A515FBC}
		{14162DA6-0DCA-44CA-B8E5-0CD3FB711655} = {5B0E4EE7-0E9E-445F-996F-B79D42AD5E80}
		{1552DA19-3625-41E3-A768-E3E85546B2B6} = {CC7AA74F-201C-46A3-B36F-67285D44BD01}
	EndGlobalSection
	GlobalSection(ExtensibilityGlobals) = postSolution
		SolutionGuid = {B3CA54DD-37CA-42C0-917D-5E4AABA6FBB3}
	EndGlobalSection
EndGlobal
